
Microsoft Visual Studio Solution File, Format Version 12.00
# Visual Studio 2013
VisualStudioVersion = 12.0.21005.1
MinimumVisualStudioVersion = 10.0.40219.1
Project("{FAE04EC0-301F-11D3-BF4B-00C04F79EFBC}") = "RodãoAcessorios", "RodãoAcessorios\RodãoAcessorios.csproj", "{9FABED88-F5C9-4877-9026-D1D3DE003FDE}"
EndProject
Project("{FAE04EC0-301F-11D3-BF4B-00C04F79EFBC}") = "Aplicacao2", "Aplicacao2\Aplicacao2.csproj", "{FF2FFBB4-0094-404D-BDE2-ED037576A785}"
EndProject
Project("{FAE04EC0-301F-11D3-BF4B-00C04F79EFBC}") = "Dominio1", "Dominio1\Dominio1.csproj", "{1480CA63-49D4-4AD6-B815-3203804673FD}"
EndProject
Project("{FAE04EC0-301F-11D3-BF4B-00C04F79EFBC}") = "Repositorio1", "Repositorio1\Repositorio1.csproj", "{C2D9F3F7-382D-46DC-89AA-DB526314A6A7}"
EndProject
Global
	GlobalSection(SolutionConfigurationPlatforms) = preSolution
		Debug|Any CPU = Debug|Any CPU
		Release|Any CPU = Release|Any CPU
	EndGlobalSection
	GlobalSection(ProjectConfigurationPlatforms) = postSolution
		{9FABED88-F5C9-4877-9026-D1D3DE003FDE}.Debug|Any CPU.ActiveCfg = Debug|Any CPU
		{9FABED88-F5C9-4877-9026-D1D3DE003FDE}.Debug|Any CPU.Build.0 = Debug|Any CPU
		{9FABED88-F5C9-4877-9026-D1D3DE003FDE}.Release|Any CPU.ActiveCfg = Release|Any CPU
		{9FABED88-F5C9-4877-9026-D1D3DE003FDE}.Release|Any CPU.Build.0 = Release|Any CPU
		{FF2FFBB4-0094-404D-BDE2-ED037576A785}.Debug|Any CPU.ActiveCfg = Debug|Any CPU
		{FF2FFBB4-0094-404D-BDE2-ED037576A785}.Debug|Any CPU.Build.0 = Debug|Any CPU
		{FF2FFBB4-0094-404D-BDE2-ED037576A785}.Release|Any CPU.ActiveCfg = Release|Any CPU
		{FF2FFBB4-0094-404D-BDE2-ED037576A785}.Release|Any CPU.Build.0 = Release|Any CPU
		{1480CA63-49D4-4AD6-B815-3203804673FD}.Debug|Any CPU.ActiveCfg = Debug|Any CPU
		{1480CA63-49D4-4AD6-B815-3203804673FD}.Debug|Any CPU.Build.0 = Debug|Any CPU
		{1480CA63-49D4-4AD6-B815-3203804673FD}.Release|Any CPU.ActiveCfg = Release|Any CPU
		{1480CA63-49D4-4AD6-B815-3203804673FD}.Release|Any CPU.Build.0 = Release|Any CPU
		{C2D9F3F7-382D-46DC-89AA-DB526314A6A7}.Debug|Any CPU.ActiveCfg = Debug|Any CPU
		{C2D9F3F7-382D-46DC-89AA-DB526314A6A7}.Debug|Any CPU.Build.0 = Debug|Any CPU
		{C2D9F3F7-382D-46DC-89AA-DB526314A6A7}.Release|Any CPU.ActiveCfg = Release|Any CPU
		{C2D9F3F7-382D-46DC-89AA-DB526314A6A7}.Release|Any CPU.Build.0 = Release|Any CPU
	EndGlobalSection
	GlobalSection(SolutionProperties) = preSolution
		HideSolutionNode = FALSE
	EndGlobalSection
EndGlobal
